// !$*UTF8*$!
{
	archiveVersion = 1;
	classes = {
	};
	objectVersion = 46;
	objects = {

/* Begin PBXBuildFile section */
		546CD9CA1D6EDAEC0007567F /* BDViewController.m in Sources */ = {isa = PBXBuildFile; fileRef = 546CD9C91D6EDAEC0007567F /* BDViewController.m */; };
		547EC8621D6F0B3800BEF16B /* baidu.gif in Resources */ = {isa = PBXBuildFile; fileRef = 547EC85B1D6F0B3800BEF16B /* baidu.gif */; };
		547EC8631D6F0B3800BEF16B /* code_wave.png in Resources */ = {isa = PBXBuildFile; fileRef = 547EC85C1D6F0B3800BEF16B /* code_wave.png */; };
		547EC8641D6F0B3800BEF16B /* code_wave_h.png in Resources */ = {isa = PBXBuildFile; fileRef = 547EC85D1D6F0B3800BEF16B /* code_wave_h.png */; };
		547EC8651D6F0B3800BEF16B /* cosf.png in Resources */ = {isa = PBXBuildFile; fileRef = 547EC85E1D6F0B3800BEF16B /* cosf.png */; };
		547EC8661D6F0B3800BEF16B /* jswave.gif in Resources */ = {isa = PBXBuildFile; fileRef = 547EC85F1D6F0B3800BEF16B /* jswave.gif */; };
		547EC8671D6F0B3800BEF16B /* sinf.png in Resources */ = {isa = PBXBuildFile; fileRef = 547EC8601D6F0B3800BEF16B /* sinf.png */; };
		547EC8681D6F0B3800BEF16B /* taobao_bg.png in Resources */ = {isa = PBXBuildFile; fileRef = 547EC8611D6F0B3800BEF16B /* taobao_bg.png */; };
		54BDE0D41D6807AC00A97090 /* main.m in Sources */ = {isa = PBXBuildFile; fileRef = 54BDE0D31D6807AC00A97090 /* main.m */; };
		54BDE0D71D6807AC00A97090 /* AppDelegate.m in Sources */ = {isa = PBXBuildFile; fileRef = 54BDE0D61D6807AC00A97090 /* AppDelegate.m */; };
		54BDE0DD1D6807AC00A97090 /* Main.storyboard in Resources */ = {isa = PBXBuildFile; fileRef = 54BDE0DB1D6807AC00A97090 /* Main.storyboard */; };
		54BDE0DF1D6807AC00A97090 /* Assets.xcassets in Resources */ = {isa = PBXBuildFile; fileRef = 54BDE0DE1D6807AC00A97090 /* Assets.xcassets */; };
		54BDE0E21D6807AC00A97090 /* LaunchScreen.storyboard in Resources */ = {isa = PBXBuildFile; fileRef = 54BDE0E01D6807AC00A97090 /* LaunchScreen.storyboard */; };
		54BDE0EC1D680BF300A97090 /* JSWave.m in Sources */ = {isa = PBXBuildFile; fileRef = 54BDE0EB1D680BF300A97090 /* JSWave.m */; };
/* End PBXBuildFile section */

/* Begin PBXFileReference section */
		546CD9C81D6EDAEC0007567F /* BDViewController.h */ = {isa = PBXFileReference; fileEncoding = 4; lastKnownFileType = sourcecode.c.h; path = BDViewController.h; sourceTree = "<group>"; };
		546CD9C91D6EDAEC0007567F /* BDViewController.m */ = {isa = PBXFileReference; fileEncoding = 4; lastKnownFileType = sourcecode.c.objc; path = BDViewController.m; sourceTree = "<group>"; };
		547EC85B1D6F0B3800BEF16B /* baidu.gif */ = {isa = PBXFileReference; lastKnownFileType = image.gif; path = baidu.gif; sourceTree = "<group>"; };
		547EC85C1D6F0B3800BEF16B /* code_wave.png */ = {isa = PBXFileReference; lastKnownFileType = image.png; path = code_wave.png; sourceTree = "<group>"; };
		547EC85D1D6F0B3800BEF16B /* code_wave_h.png */ = {isa = PBXFileReference; lastKnownFileType = image.png; path = code_wave_h.png; sourceTree = "<group>"; };
		547EC85E1D6F0B3800BEF16B /* cosf.png */ = {isa = PBXFileReference; lastKnownFileType = image.png; path = cosf.png; sourceTree = "<group>"; };
		547EC85F1D6F0B3800BEF16B /* jswave.gif */ = {isa = PBXFileReference; lastKnownFileType = image.gif; path = jswave.gif; sourceTree = "<group>"; };
		547EC8601D6F0B3800BEF16B /* sinf.png */ = {isa = PBXFileReference; lastKnownFileType = image.png; path = sinf.png; sourceTree = "<group>"; };
		547EC8611D6F0B3800BEF16B /* taobao_bg.png */ = {isa = PBXFileReference; lastKnownFileType = image.png; path = taobao_bg.png; sourceTree = "<group>"; };
		54BDE0CF1D6807AC00A97090 /* JSWaveDemo.app */ = {isa = PBXFileReference; explicitFileType = wrapper.application; includeInIndex = 0; path = JSWaveDemo.app; sourceTree = BUILT_PRODUCTS_DIR; };
		54BDE0D31D6807AC00A97090 /* main.m */ = {isa = PBXFileReference; lastKnownFileType = sourcecode.c.objc; path = main.m; sourceTree = "<group>"; };
		54BDE0D51D6807AC00A97090 /* AppDelegate.h */ = {isa = PBXFileReference; lastKnownFileType = sourcecode.c.h; path = AppDelegate.h; sourceTree = "<group>"; };
		54BDE0D61D6807AC00A97090 /* AppDelegate.m */ = {isa = PBXFileReference; lastKnownFileType = sourcecode.c.objc; path = AppDelegate.m; sourceTree = "<group>"; };
		54BDE0DC1D6807AC00A97090 /* Base */ = {isa = PBXFileReference; lastKnownFileType = file.storyboard; name = Base; path = Base.lproj/Main.storyboard; sourceTree = "<group>"; };
		54BDE0DE1D6807AC00A97090 /* Assets.xcassets */ = {isa = PBXFileReference; lastKnownFileType = folder.assetcatalog; path = Assets.xcassets; sourceTree = "<group>"; };
		54BDE0E11D6807AC00A97090 /* Base */ = {isa = PBXFileReference; lastKnownFileType = file.storyboard; name = Base; path = Base.lproj/LaunchScreen.storyboard; sourceTree = "<group>"; };
		54BDE0E31D6807AC00A97090 /* Info.plist */ = {isa = PBXFileReference; lastKnownFileType = text.plist.xml; path = Info.plist; sourceTree = "<group>"; };
		54BDE0EA1D680BF300A97090 /* JSWave.h */ = {isa = PBXFileReference; fileEncoding = 4; lastKnownFileType = sourcecode.c.h; path = JSWave.h; sourceTree = "<group>"; };
		54BDE0EB1D680BF300A97090 /* JSWave.m */ = {isa = PBXFileReference; fileEncoding = 4; lastKnownFileType = sourcecode.c.objc; path = JSWave.m; sourceTree = "<group>"; };
/* End PBXFileReference section */

/* Begin PBXFrameworksBuildPhase section */
		54BDE0CC1D6807AC00A97090 /* Frameworks */ = {
			isa = PBXFrameworksBuildPhase;
			buildActionMask = 2147483647;
			files = (
			);
			runOnlyForDeploymentPostprocessing = 0;
		};
/* End PBXFrameworksBuildPhase section */

/* Begin PBXGroup section */
		547EC85A1D6F0B3800BEF16B /* Images */ = {
			isa = PBXGroup;
			children = (
				547EC85B1D6F0B3800BEF16B /* baidu.gif */,
				547EC85C1D6F0B3800BEF16B /* code_wave.png */,
				547EC85D1D6F0B3800BEF16B /* code_wave_h.png */,
				547EC85E1D6F0B3800BEF16B /* cosf.png */,
				547EC85F1D6F0B3800BEF16B /* jswave.gif */,
				547EC8601D6F0B3800BEF16B /* sinf.png */,
				547EC8611D6F0B3800BEF16B /* taobao_bg.png */,
			);
			name = Images;
			path = ../../Images;
			sourceTree = "<group>";
		};
		54BDE0C61D6807AC00A97090 = {
			isa = PBXGroup;
			children = (
				54BDE0D11D6807AC00A97090 /* JSWaveDemo */,
				54BDE0D01D6807AC00A97090 /* Products */,
			);
			sourceTree = "<group>";
		};
		54BDE0D01D6807AC00A97090 /* Products */ = {
			isa = PBXGroup;
			children = (
				54BDE0CF1D6807AC00A97090 /* JSWaveDemo.app */,
			);
			name = Products;
			sourceTree = "<group>";
		};
		54BDE0D11D6807AC00A97090 /* JSWaveDemo */ = {
			isa = PBXGroup;
			children = (
				54BDE0E91D680BD100A97090 /* JSWave */,
				54BDE0D51D6807AC00A97090 /* AppDelegate.h */,
				54BDE0D61D6807AC00A97090 /* AppDelegate.m */,
				546CD9C81D6EDAEC0007567F /* BDViewController.h */,
				546CD9C91D6EDAEC0007567F /* BDViewController.m */,
				54BDE0DB1D6807AC00A97090 /* Main.storyboard */,
				54BDE0DE1D6807AC00A97090 /* Assets.xcassets */,
				54BDE0E01D6807AC00A97090 /* LaunchScreen.storyboard */,
				54BDE0E31D6807AC00A97090 /* Info.plist */,
				54BDE0D21D6807AC00A97090 /* Supporting Files */,
			);
			path = JSWaveDemo;
			sourceTree = "<group>";
		};
		54BDE0D21D6807AC00A97090 /* Supporting Files */ = {
			isa = PBXGroup;
			children = (
				547EC85A1D6F0B3800BEF16B /* Images */,
				54BDE0D31D6807AC00A97090 /* main.m */,
			);
			name = "Supporting Files";
			sourceTree = "<group>";
		};
		54BDE0E91D680BD100A97090 /* JSWave */ = {
			isa = PBXGroup;
			children = (
				54BDE0EA1D680BF300A97090 /* JSWave.h */,
				54BDE0EB1D680BF300A97090 /* JSWave.m */,
			);
			path = JSWave;
			sourceTree = "<group>";
		};
/* End PBXGroup section */

/* Begin PBXNativeTarget section */
		54BDE0CE1D6807AC00A97090 /* JSWaveDemo */ = {
			isa = PBXNativeTarget;
			buildConfigurationList = 54BDE0E61D6807AC00A97090 /* Build configuration list for PBXNativeTarget "JSWaveDemo" */;
			buildPhases = (
				54BDE0CB1D6807AC00A97090 /* Sources */,
				54BDE0CC1D6807AC00A97090 /* Frameworks */,
				54BDE0CD1D6807AC00A97090 /* Resources */,
			);
			buildRules = (
			);
			dependencies = (
			);
			name = JSWaveDemo;
			productName = JSWaveDemo;
			productReference = 54BDE0CF1D6807AC00A97090 /* JSWaveDemo.app */;
			productType = "com.apple.product-type.application";
		};
/* End PBXNativeTarget section */

/* Begin PBXProject section */
		54BDE0C71D6807AC00A97090 /* Project object */ = {
			isa = PBXProject;
			attributes = {
				LastUpgradeCheck = 0730;
				ORGANIZATIONNAME = "乔同新";
				TargetAttributes = {
					54BDE0CE1D6807AC00A97090 = {
						CreatedOnToolsVersion = 7.3.1;
						DevelopmentTeam = V3PF77Z744;
					};
				};
			};
			buildConfigurationList = 54BDE0CA1D6807AC00A97090 /* Build configuration list for PBXProject "JSWaveDemo" */;
			compatibilityVersion = "Xcode 3.2";
			developmentRegion = English;
			hasScannedForEncodings = 0;
			knownRegions = (
				en,
				Base,
			);
			mainGroup = 54BDE0C61D6807AC00A97090;
			productRefGroup = 54BDE0D01D6807AC00A97090 /* Products */;
			projectDirPath = "";
			projectRoot = "";
			targets = (
				54BDE0CE1D6807AC00A97090 /* JSWaveDemo */,
			);
		};
/* End PBXProject section */

/* Begin PBXResourcesBuildPhase section */
		54BDE0CD1D6807AC00A97090 /* Resources */ = {
			isa = PBXResourcesBuildPhase;
			buildActionMask = 2147483647;
			files = (
				547EC8631D6F0B3800BEF16B /* code_wave.png in Resources */,
				54BDE0E21D6807AC00A97090 /* LaunchScreen.storyboard in Resources */,
				547EC8671D6F0B3800BEF16B /* sinf.png in Resources */,
				547EC8641D6F0B3800BEF16B /* code_wave_h.png in Resources */,
				547EC8681D6F0B3800BEF16B /* taobao_bg.png in Resources */,
				54BDE0DF1D6807AC00A97090 /* Assets.xcassets in Resources */,
				547EC8621D6F0B3800BEF16B /* baidu.gif in Resources */,
				54BDE0DD1D6807AC00A97090 /* Main.storyboard in Resources */,
				547EC8661D6F0B3800BEF16B /* jswave.gif in Resources */,
				547EC8651D6F0B3800BEF16B /* cosf.png in Resources */,
			);
			runOnlyForDeploymentPostprocessing = 0;
		};
/* End PBXResourcesBuildPhase section */

/* Begin PBXSourcesBuildPhase section */
		54BDE0CB1D6807AC00A97090 /* Sources */ = {
			isa = PBXSourcesBuildPhase;
			buildActionMask = 2147483647;
			files = (
				546CD9CA1D6EDAEC0007567F /* BDViewController.m in Sources */,
				54BDE0D71D6807AC00A97090 /* AppDelegate.m in Sources */,
				54BDE0D41D6807AC00A97090 /* main.m in Sources */,
				54BDE0EC1D680BF300A97090 /* JSWave.m in Sources */,
			);
			runOnlyForDeploymentPostprocessing = 0;
		};
/* End PBXSourcesBuildPhase section */

/* Begin PBXVariantGroup section */
		54BDE0DB1D6807AC00A97090 /* Main.storyboard */ = {
			isa = PBXVariantGroup;
			children = (
				54BDE0DC1D6807AC00A97090 /* Base */,
			);
			name = Main.storyboard;
			sourceTree = "<group>";
		};
		54BDE0E01D6807AC00A97090 /* LaunchScreen.storyboard */ = {
			isa = PBXVariantGroup;
			children = (
				54BDE0E11D6807AC00A97090 /* Base */,
			);
			name = LaunchScreen.storyboard;
			sourceTree = "<group>";
		};
/* End PBXVariantGroup section */

/* Begin XCBuildConfiguration section */
		54BDE0E41D6807AC00A97090 /* Debug */ = {
			isa = XCBuildConfiguration;
			buildSettings = {
				ALWAYS_SEARCH_USER_PATHS = NO;
				CLANG_ANALYZER_NONNULL = YES;
				CLANG_CXX_LANGUAGE_STANDARD = "gnu++0x";
				CLANG_CXX_LIBRARY = "libc++";
				CLANG_ENABLE_MODULES = YES;
				CLANG_ENABLE_OBJC_ARC = YES;
				CLANG_WARN_BOOL_CONVERSION = YES;
				CLANG_WARN_CONSTANT_CONVERSION = YES;
				CLANG_WARN_DIRECT_OBJC_ISA_USAGE = YES_ERROR;
				CLANG_WARN_EMPTY_BODY = YES;
				CLANG_WARN_ENUM_CONVERSION = YES;
				CLANG_WARN_INT_CONVERSION = YES;
				CLANG_WARN_OBJC_ROOT_CLASS = YES_ERROR;
				CLANG_WARN_UNREACHABLE_CODE = YES;
				CLANG_WARN__DUPLICATE_METHOD_MATCH = YES;
				"CODE_SIGN_IDENTITY[sdk=iphoneos*]" = "iPhone Developer";
				COPY_PHASE_STRIP = NO;
				DEBUG_INFORMATION_FORMAT = dwarf;
				ENABLE_STRICT_OBJC_MSGSEND = YES;
				ENABLE_TESTABILITY = YES;
				GCC_C_LANGUAGE_STANDARD = gnu99;
				GCC_DYNAMIC_NO_PIC = NO;
				GCC_NO_COMMON_BLOCKS = YES;
				GCC_OPTIMIZATION_LEVEL = 0;
				GCC_PREPROCESSOR_DEFINITIONS = (
					"DEBUG=1",
					"$(inherited)",
				);
				GCC_WARN_64_TO_32_BIT_CONVERSION = YES;
				GCC_WARN_ABOUT_RETURN_TYPE = YES_ERROR;
				GCC_WARN_UNDECLARED_SELECTOR = YES;
				GCC_WARN_UNINITIALIZED_AUTOS = YES_AGGRESSIVE;
				GCC_WARN_UNUSED_FUNCTION = YES;
				GCC_WARN_UNUSED_VARIABLE = YES;
				IPHONEOS_DEPLOYMENT_TARGET = 9.3;
				MTL_ENABLE_DEBUG_INFO = YES;
				ONLY_ACTIVE_ARCH = YES;
				SDKROOT = iphoneos;
			};
			name = Debug;
		};
		54BDE0E51D6807AC00A97090 /* Release */ = {
			isa = XCBuildConfiguration;
			buildSettings = {
				ALWAYS_SEARCH_USER_PATHS = NO;
				CLANG_ANALYZER_NONNULL = YES;
				CLANG_CXX_LANGUAGE_STANDARD = "gnu++0x";
				CLANG_CXX_LIBRARY = "libc++";
				CLANG_ENABLE_MODULES = YES;
				CLANG_ENABLE_OBJC_ARC = YES;
				CLANG_WARN_BOOL_CONVERSION = YES;
				CLANG_WARN_CONSTANT_CONVERSION = YES;
				CLANG_WARN_DIRECT_OBJC_ISA_USAGE = YES_ERROR;
				CLANG_WARN_EMPTY_BODY = YES;
				CLANG_WARN_ENUM_CONVERSION = YES;
				CLANG_WARN_INT_CONVERSION = YES;
				CLANG_WARN_OBJC_ROOT_CLASS = YES_ERROR;
				CLANG_WARN_UNREACHABLE_CODE = YES;
				CLANG_WARN__DUPLICATE_METHOD_MATCH = YES;
				"CODE_SIGN_IDENTITY[sdk=iphoneos*]" = "iPhone Developer";
				COPY_PHASE_STRIP = NO;
				DEBUG_INFORMATION_FORMAT = "dwarf-with-dsym";
				ENABLE_NS_ASSERTIONS = NO;
				ENABLE_STRICT_OBJC_MSGSEND = YES;
				GCC_C_LANGUAGE_STANDARD = gnu99;
				GCC_NO_COMMON_BLOCKS = YES;
				GCC_WARN_64_TO_32_BIT_CONVERSION = YES;
				GCC_WARN_ABOUT_RETURN_TYPE = YES_ERROR;
				GCC_WARN_UNDECLARED_SELECTOR = YES;
				GCC_WARN_UNINITIALIZED_AUTOS = YES_AGGRESSIVE;
				GCC_WARN_UNUSED_FUNCTION = YES;
				GCC_WARN_UNUSED_VARIABLE = YES;
				IPHONEOS_DEPLOYMENT_TARGET = 9.3;
				MTL_ENABLE_DEBUG_INFO = NO;
				SDKROOT = iphoneos;
				VALIDATE_PRODUCT = YES;
			};
			name = Release;
		};
		54BDE0E71D6807AC00A97090 /* Debug */ = {
			isa = XCBuildConfiguration;
			buildSettings = {
				ASSETCATALOG_COMPILER_APPICON_NAME = AppIcon;
				CODE_SIGN_IDENTITY = "iPhone Developer";
				INFOPLIST_FILE = JSWaveDemo/Info.plist;
				LD_RUNPATH_SEARCH_PATHS = "$(inherited) @executable_path/Frameworks";
				PRODUCT_BUNDLE_IDENTIFIER = com.jyd.JSWaveDemo;
				PRODUCT_NAME = "$(TARGET_NAME)";
			};
			name = Debug;
		};
		54BDE0E81D6807AC00A97090 /* Release */ = {
			isa = XCBuildConfiguration;
			buildSettings = {
				ASSETCATALOG_COMPILER_APPICON_NAME = AppIcon;
				CODE_SIGN_IDENTITY = "iPhone Developer";
				INFOPLIST_FILE = JSWaveDemo/Info.plist;
				LD_RUNPATH_SEARCH_PATHS = "$(inherited) @executable_path/Frameworks";
				PRODUCT_BUNDLE_IDENTIFIER = com.jyd.JSWaveDemo;
				PRODUCT_NAME = "$(TARGET_NAME)";
			};
			name = Release;
		};
/* End XCBuildConfiguration section */

/* Begin XCConfigurationList section */
		54BDE0CA1D6807AC00A97090 /* Build configuration list for PBXProject "JSWaveDemo" */ = {
			isa = XCConfigurationList;
			buildConfigurations = (
				54BDE0E41D6807AC00A97090 /* Debug */,
				54BDE0E51D6807AC00A97090 /* Release */,
			);
			defaultConfigurationIsVisible = 0;
			defaultConfigurationName = Release;
		};
		54BDE0E61D6807AC00A97090 /* Build configuration list for PBXNativeTarget "JSWaveDemo" */ = {
			isa = XCConfigurationList;
			buildConfigurations = (
				54BDE0E71D6807AC00A97090 /* Debug */,
				54BDE0E81D6807AC00A97090 /* Release */,
			);
			defaultConfigurationIsVisible = 0;
			defaultConfigurationName = Release;
		};
/* End XCConfigurationList section */
	};
	rootObject = 54BDE0C71D6807AC00A97090 /* Project object */;
}
