// !$*UTF8*$!
{
	archiveVersion = 1;
	classes = {
	};
	objectVersion = 46;
	objects = {

/* Begin PBXBuildFile section */
		544A761F1D706B95007CDFAF /* LICENSE in Resources */ = {isa = PBXBuildFile; fileRef = 544A761E1D706B95007CDFAF /* LICENSE */; };
		547EC87D1D6F30BE00BEF16B /* BDViewController.m in Sources */ = {isa = PBXBuildFile; fileRef = 547EC87C1D6F30BE00BEF16B /* BDViewController.m */; };
		547EC8801D6F30D400BEF16B /* AppDelegate.m in Sources */ = {isa = PBXBuildFile; fileRef = 547EC87F1D6F30D400BEF16B /* AppDelegate.m */; };
		54BDE0D41D6807AC00A97090 /* main.m in Sources */ = {isa = PBXBuildFile; fileRef = 54BDE0D31D6807AC00A97090 /* main.m */; };
		54BDE0DD1D6807AC00A97090 /* Main.storyboard in Resources */ = {isa = PBXBuildFile; fileRef = 54BDE0DB1D6807AC00A97090 /* Main.storyboard */; };
		54BDE0DF1D6807AC00A97090 /* Assets.xcassets in Resources */ = {isa = PBXBuildFile; fileRef = 54BDE0DE1D6807AC00A97090 /* Assets.xcassets */; };
		54BDE0E21D6807AC00A97090 /* LaunchScreen.storyboard in Resources */ = {isa = PBXBuildFile; fileRef = 54BDE0E01D6807AC00A97090 /* LaunchScreen.storyboard */; };
/* End PBXBuildFile section */

/* Begin PBXFileReference section */
		544A761E1D706B95007CDFAF /* LICENSE */ = {isa = PBXFileReference; fileEncoding = 4; lastKnownFileType = text; name = LICENSE; path = ../../LICENSE; sourceTree = "<group>"; };
		547EC87B1D6F30BE00BEF16B /* BDViewController.h */ = {isa = PBXFileReference; fileEncoding = 4; lastKnownFileType = sourcecode.c.h; path = BDViewController.h; sourceTree = "<group>"; };
		547EC87C1D6F30BE00BEF16B /* BDViewController.m */ = {isa = PBXFileReference; fileEncoding = 4; lastKnownFileType = sourcecode.c.objc; path = BDViewController.m; sourceTree = "<group>"; };
		547EC87E1D6F30D400BEF16B /* AppDelegate.h */ = {isa = PBXFileReference; fileEncoding = 4; lastKnownFileType = sourcecode.c.h; name = AppDelegate.h; path = JSWaveDemo/AppDelegate.h; sourceTree = SOURCE_ROOT; };
		547EC87F1D6F30D400BEF16B /* AppDelegate.m */ = {isa = PBXFileReference; fileEncoding = 4; lastKnownFileType = sourcecode.c.objc; name = AppDelegate.m; path = JSWaveDemo/AppDelegate.m; sourceTree = SOURCE_ROOT; };
		54BDE0CF1D6807AC00A97090 /* JSWave.app */ = {isa = PBXFileReference; explicitFileType = wrapper.application; includeInIndex = 0; path = JSWave.app; sourceTree = BUILT_PRODUCTS_DIR; };
		54BDE0D31D6807AC00A97090 /* main.m */ = {isa = PBXFileReference; lastKnownFileType = sourcecode.c.objc; path = main.m; sourceTree = "<group>"; };
		54BDE0DC1D6807AC00A97090 /* Base */ = {isa = PBXFileReference; lastKnownFileType = file.storyboard; name = Base; path = Base.lproj/Main.storyboard; sourceTree = "<group>"; };
		54BDE0DE1D6807AC00A97090 /* Assets.xcassets */ = {isa = PBXFileReference; lastKnownFileType = folder.assetcatalog; path = Assets.xcassets; sourceTree = "<group>"; };
		54BDE0E11D6807AC00A97090 /* Base */ = {isa = PBXFileReference; lastKnownFileType = file.storyboard; name = Base; path = Base.lproj/LaunchScreen.storyboard; sourceTree = "<group>"; };
		54BDE0E31D6807AC00A97090 /* Info.plist */ = {isa = PBXFileReference; lastKnownFileType = text.plist.xml; path = Info.plist; sourceTree = "<group>"; };
/* End PBXFileReference section */

/* Begin PBXFrameworksBuildPhase section */
		54BDE0CC1D6807AC00A97090 /* Frameworks */ = {
			isa = PBXFrameworksBuildPhase;
			buildActionMask = 2147483647;
			files = (
			);
			runOnlyForDeploymentPostprocessing = 0;
		};
/* End PBXFrameworksBuildPhase section */

/* Begin PBXGroup section */
		544A761D1D706B6F007CDFAF /* Other */ = {
			isa = PBXGroup;
			children = (
			);
			name = Other;
			sourceTree = "<group>";
		};
		54BDE0C61D6807AC00A97090 = {
			isa = PBXGroup;
			children = (
				54BDE0D11D6807AC00A97090 /* JSWaveDemo */,
				54BDE0D01D6807AC00A97090 /* Products */,
			);
			sourceTree = "<group>";
		};
		54BDE0D01D6807AC00A97090 /* Products */ = {
			isa = PBXGroup;
			children = (
				54BDE0CF1D6807AC00A97090 /* JSWave.app */,
			);
			name = Products;
			sourceTree = "<group>";
		};
		54BDE0D11D6807AC00A97090 /* JSWaveDemo */ = {
			isa = PBXGroup;
			children = (
				547EC87E1D6F30D400BEF16B /* AppDelegate.h */,
				547EC87F1D6F30D400BEF16B /* AppDelegate.m */,
				547EC87B1D6F30BE00BEF16B /* BDViewController.h */,
				547EC87C1D6F30BE00BEF16B /* BDViewController.m */,
				54BDE0D21D6807AC00A97090 /* Supporting Files */,
			);
			path = JSWaveDemo;
			sourceTree = "<group>";
		};
		54BDE0D21D6807AC00A97090 /* Supporting Files */ = {
			isa = PBXGroup;
			children = (
				544A761E1D706B95007CDFAF /* LICENSE */,
				544A761D1D706B6F007CDFAF /* Other */,
				54BDE0DB1D6807AC00A97090 /* Main.storyboard */,
				54BDE0DE1D6807AC00A97090 /* Assets.xcassets */,
				54BDE0E01D6807AC00A97090 /* LaunchScreen.storyboard */,
				54BDE0E31D6807AC00A97090 /* Info.plist */,
				54BDE0D31D6807AC00A97090 /* main.m */,
			);
			name = "Supporting Files";
			sourceTree = "<group>";
		};
/* End PBXGroup section */

/* Begin PBXNativeTarget section */
		54BDE0CE1D6807AC00A97090 /* JSWave */ = {
			isa = PBXNativeTarget;
			buildConfigurationList = 54BDE0E61D6807AC00A97090 /* Build configuration list for PBXNativeTarget "JSWave" */;
			buildPhases = (
				54BDE0CB1D6807AC00A97090 /* Sources */,
				54BDE0CC1D6807AC00A97090 /* Frameworks */,
				54BDE0CD1D6807AC00A97090 /* Resources */,
			);
			buildRules = (
			);
			dependencies = (
			);
			name = JSWave;
			productName = JSWaveDemo;
			productReference = 54BDE0CF1D6807AC00A97090 /* JSWave.app */;
			productType = "com.apple.product-type.application";
		};
/* End PBXNativeTarget section */

/* Begin PBXProject section */
		54BDE0C71D6807AC00A97090 /* Project object */ = {
			isa = PBXProject;
			attributes = {
				LastUpgradeCheck = 0730;
				ORGANIZATIONNAME = "乔同新";
				TargetAttributes = {
					54BDE0CE1D6807AC00A97090 = {
						CreatedOnToolsVersion = 7.3.1;
					};
				};
			};
			buildConfigurationList = 54BDE0CA1D6807AC00A97090 /* Build configuration list for PBXProject "JSWave" */;
			compatibilityVersion = "Xcode 3.2";
			developmentRegion = English;
			hasScannedForEncodings = 0;
			knownRegions = (
				en,
				Base,
			);
			mainGroup = 54BDE0C61D6807AC00A97090;
			productRefGroup = 54BDE0D01D6807AC00A97090 /* Products */;
			projectDirPath = "";
			projectRoot = "";
			targets = (
				54BDE0CE1D6807AC00A97090 /* JSWave */,
			);
		};
/* End PBXProject section */

/* Begin PBXResourcesBuildPhase section */
		54BDE0CD1D6807AC00A97090 /* Resources */ = {
			isa = PBXResourcesBuildPhase;
			buildActionMask = 2147483647;
			files = (
				54BDE0E21D6807AC00A97090 /* LaunchScreen.storyboard in Resources */,
				54BDE0DF1D6807AC00A97090 /* Assets.xcassets in Resources */,
				544A761F1D706B95007CDFAF /* LICENSE in Resources */,
				54BDE0DD1D6807AC00A97090 /* Main.storyboard in Resources */,
			);
			runOnlyForDeploymentPostprocessing = 0;
		};
/* End PBXResourcesBuildPhase section */

/* Begin PBXSourcesBuildPhase section */
		54BDE0CB1D6807AC00A97090 /* Sources */ = {
			isa = PBXSourcesBuildPhase;
			buildActionMask = 2147483647;
			files = (
				547EC87D1D6F30BE00BEF16B /* BDViewController.m in Sources */,
				54BDE0D41D6807AC00A97090 /* main.m in Sources */,
				547EC8801D6F30D400BEF16B /* AppDelegate.m in Sources */,
			);
			runOnlyForDeploymentPostprocessing = 0;
		};
/* End PBXSourcesBuildPhase section */

/* Begin PBXVariantGroup section */
		54BDE0DB1D6807AC00A97090 /* Main.storyboard */ = {
			isa = PBXVariantGroup;
			children = (
				54BDE0DC1D6807AC00A97090 /* Base */,
			);
			name = Main.storyboard;
			sourceTree = "<group>";
		};
		54BDE0E01D6807AC00A97090 /* LaunchScreen.storyboard */ = {
			isa = PBXVariantGroup;
			children = (
				54BDE0E11D6807AC00A97090 /* Base */,
			);
			name = LaunchScreen.storyboard;
			sourceTree = "<group>";
		};
/* End PBXVariantGroup section */

/* Begin XCBuildConfiguration section */
		54BDE0E41D6807AC00A97090 /* Debug */ = {
			isa = XCBuildConfiguration;
			buildSettings = {
				ALWAYS_SEARCH_USER_PATHS = NO;
				CLANG_ANALYZER_NONNULL = YES;
				CLANG_CXX_LANGUAGE_STANDARD = "gnu++0x";
				CLANG_CXX_LIBRARY = "libc++";
				CLANG_ENABLE_MODULES = YES;
				CLANG_ENABLE_OBJC_ARC = YES;
				CLANG_WARN_BOOL_CONVERSION = YES;
				CLANG_WARN_CONSTANT_CONVERSION = YES;
				CLANG_WARN_DIRECT_OBJC_ISA_USAGE = YES_ERROR;
				CLANG_WARN_EMPTY_BODY = YES;
				CLANG_WARN_ENUM_CONVERSION = YES;
				CLANG_WARN_INT_CONVERSION = YES;
				CLANG_WARN_OBJC_ROOT_CLASS = YES_ERROR;
				CLANG_WARN_UNREACHABLE_CODE = YES;
				CLANG_WARN__DUPLICATE_METHOD_MATCH = YES;
				"CODE_SIGN_IDENTITY[sdk=iphoneos*]" = "iPhone Developer";
				COPY_PHASE_STRIP = NO;
				DEBUG_INFORMATION_FORMAT = dwarf;
				ENABLE_STRICT_OBJC_MSGSEND = YES;
				ENABLE_TESTABILITY = YES;
				GCC_C_LANGUAGE_STANDARD = gnu99;
				GCC_DYNAMIC_NO_PIC = NO;
				GCC_NO_COMMON_BLOCKS = YES;
				GCC_OPTIMIZATION_LEVEL = 0;
				GCC_PREPROCESSOR_DEFINITIONS = (
					"DEBUG=1",
					"$(inherited)",
				);
				GCC_WARN_64_TO_32_BIT_CONVERSION = YES;
				GCC_WARN_ABOUT_RETURN_TYPE = YES_ERROR;
				GCC_WARN_UNDECLARED_SELECTOR = YES;
				GCC_WARN_UNINITIALIZED_AUTOS = YES_AGGRESSIVE;
				GCC_WARN_UNUSED_FUNCTION = YES;
				GCC_WARN_UNUSED_VARIABLE = YES;
				IPHONEOS_DEPLOYMENT_TARGET = 9.3;
				MTL_ENABLE_DEBUG_INFO = YES;
				ONLY_ACTIVE_ARCH = YES;
				SDKROOT = iphoneos;
			};
			name = Debug;
		};
		54BDE0E51D6807AC00A97090 /* Release */ = {
			isa = XCBuildConfiguration;
			buildSettings = {
				ALWAYS_SEARCH_USER_PATHS = NO;
				CLANG_ANALYZER_NONNULL = YES;
				CLANG_CXX_LANGUAGE_STANDARD = "gnu++0x";
				CLANG_CXX_LIBRARY = "libc++";
				CLANG_ENABLE_MODULES = YES;
				CLANG_ENABLE_OBJC_ARC = YES;
				CLANG_WARN_BOOL_CONVERSION = YES;
				CLANG_WARN_CONSTANT_CONVERSION = YES;
				CLANG_WARN_DIRECT_OBJC_ISA_USAGE = YES_ERROR;
				CLANG_WARN_EMPTY_BODY = YES;
				CLANG_WARN_ENUM_CONVERSION = YES;
				CLANG_WARN_INT_CONVERSION = YES;
				CLANG_WARN_OBJC_ROOT_CLASS = YES_ERROR;
				CLANG_WARN_UNREACHABLE_CODE = YES;
				CLANG_WARN__DUPLICATE_METHOD_MATCH = YES;
				"CODE_SIGN_IDENTITY[sdk=iphoneos*]" = "iPhone Developer";
				COPY_PHASE_STRIP = NO;
				DEBUG_INFORMATION_FORMAT = "dwarf-with-dsym";
				ENABLE_NS_ASSERTIONS = NO;
				ENABLE_STRICT_OBJC_MSGSEND = YES;
				GCC_C_LANGUAGE_STANDARD = gnu99;
				GCC_NO_COMMON_BLOCKS = YES;
				GCC_WARN_64_TO_32_BIT_CONVERSION = YES;
				GCC_WARN_ABOUT_RETURN_TYPE = YES_ERROR;
				GCC_WARN_UNDECLARED_SELECTOR = YES;
				GCC_WARN_UNINITIALIZED_AUTOS = YES_AGGRESSIVE;
				GCC_WARN_UNUSED_FUNCTION = YES;
				GCC_WARN_UNUSED_VARIABLE = YES;
				IPHONEOS_DEPLOYMENT_TARGET = 9.3;
				MTL_ENABLE_DEBUG_INFO = NO;
				SDKROOT = iphoneos;
				VALIDATE_PRODUCT = YES;
			};
			name = Release;
		};
		54BDE0E71D6807AC00A97090 /* Debug */ = {
			isa = XCBuildConfiguration;
			buildSettings = {
				ASSETCATALOG_COMPILER_APPICON_NAME = AppIcon;
				INFOPLIST_FILE = JSWaveDemo/Info.plist;
				LD_RUNPATH_SEARCH_PATHS = "$(inherited) @executable_path/Frameworks";
				PRODUCT_BUNDLE_IDENTIFIER = com.jyd.JSWaveDemo;
				PRODUCT_NAME = JSWave;
			};
			name = Debug;
		};
		54BDE0E81D6807AC00A97090 /* Release */ = {
			isa = XCBuildConfiguration;
			buildSettings = {
				ASSETCATALOG_COMPILER_APPICON_NAME = AppIcon;
				INFOPLIST_FILE = JSWaveDemo/Info.plist;
				LD_RUNPATH_SEARCH_PATHS = "$(inherited) @executable_path/Frameworks";
				PRODUCT_BUNDLE_IDENTIFIER = com.jyd.JSWaveDemo;
				PRODUCT_NAME = JSWave;
			};
			name = Release;
		};
/* End XCBuildConfiguration section */

/* Begin XCConfigurationList section */
		54BDE0CA1D6807AC00A97090 /* Build configuration list for PBXProject "JSWave" */ = {
			isa = XCConfigurationList;
			buildConfigurations = (
				54BDE0E41D6807AC00A97090 /* Debug */,
				54BDE0E51D6807AC00A97090 /* Release */,
			);
			defaultConfigurationIsVisible = 0;
			defaultConfigurationName = Release;
		};
		54BDE0E61D6807AC00A97090 /* Build configuration list for PBXNativeTarget "JSWave" */ = {
			isa = XCConfigurationList;
			buildConfigurations = (
				54BDE0E71D6807AC00A97090 /* Debug */,
				54BDE0E81D6807AC00A97090 /* Release */,
			);
			defaultConfigurationIsVisible = 0;
			defaultConfigurationName = Release;
		};
/* End XCConfigurationList section */
	};
	rootObject = 54BDE0C71D6807AC00A97090 /* Project object */;
}
